
Microsoft Visual Studio Solution File, Format Version 12.00
# Visual Studio 15
VisualStudioVersion = 15.0.28307.329
MinimumVisualStudioVersion = 10.0.40219.1
Project("{FAE04EC0-301F-11D3-BF4B-00C04F79EFBC}") = "DIS_Assignment1", "DIS_Assignment1\DIS_Assignment1.csproj", "{BBF054D1-37B5-44B5-8C30-9DAEBBEB0BFB}"
EndProject
Global
	GlobalSection(SolutionConfigurationPlatforms) = preSolution
		Debug|Any CPU = Debug|Any CPU
		Release|Any CPU = Release|Any CPU
	EndGlobalSection
	GlobalSection(ProjectConfigurationPlatforms) = postSolution
		{BBF054D1-37B5-44B5-8C30-9DAEBBEB0BFB}.Debug|Any CPU.ActiveCfg = Debug|Any CPU
		{BBF054D1-37B5-44B5-8C30-9DAEBBEB0BFB}.Debug|Any CPU.Build.0 = Debug|Any CPU
		{BBF054D1-37B5-44B5-8C30-9DAEBBEB0BFB}.Release|Any CPU.ActiveCfg = Release|Any CPU
		{BBF054D1-37B5-44B5-8C30-9DAEBBEB0BFB}.Release|Any CPU.Build.0 = Release|Any CPU
	EndGlobalSection
	GlobalSection(SolutionProperties) = preSolution
		HideSolutionNode = FALSE
	EndGlobalSection
	GlobalSection(ExtensibilityGlobals) = postSolution
		SolutionGuid = {26D3915D-F491-4055-9EEC-D1802E6705A4}
	EndGlobalSection
EndGlobal
